
Microsoft Visual Studio Solution File, Format Version 12.00
# Visual Studio Version 16
VisualStudioVersion = 16.0.31205.134
MinimumVisualStudioVersion = 10.0.40219.1
Project("{FAE04EC0-301F-11D3-BF4B-00C04F79EFBC}") = "Lab 3", "SE1432_Group4_Lab3\Lab 3.csproj", "{E8DBC102-54BB-46F0-AD19-EAF97798401E}"
EndProject
Global
	GlobalSection(SolutionConfigurationPlatforms) = preSolution
		Debug|Any CPU = Debug|Any CPU
		Release|Any CPU = Release|Any CPU
	EndGlobalSection
	GlobalSection(ProjectConfigurationPlatforms) = postSolution
		{E8DBC102-54BB-46F0-AD19-EAF97798401E}.Debug|Any CPU.ActiveCfg = Debug|Any CPU
		{E8DBC102-54BB-46F0-AD19-EAF97798401E}.Debug|Any CPU.Build.0 = Debug|Any CPU
		{E8DBC102-54BB-46F0-AD19-EAF97798401E}.Release|Any CPU.ActiveCfg = Release|Any CPU
		{E8DBC102-54BB-46F0-AD19-EAF97798401E}.Release|Any CPU.Build.0 = Release|Any CPU
	EndGlobalSection
	GlobalSection(SolutionProperties) = preSolution
		HideSolutionNode = FALSE
	EndGlobalSection
	GlobalSection(ExtensibilityGlobals) = postSolution
		SolutionGuid = {B77B5C90-F863-4A7D-84DD-80AAC375902A}
	EndGlobalSection
EndGlobal
